
Microsoft Visual Studio Solution File, Format Version 12.00
# Visual Studio Version 17
VisualStudioVersion = 17.6.33513.286
MinimumVisualStudioVersion = 10.0.40219.1
Project("{FAE04EC0-301F-11D3-BF4B-00C04F79EFBC}") = "Qiiqa.TextProcessing.BlazorApp1", "Qiiqa.TextProcessing.BlazorApp1\Qiiqa.TextProcessing.BlazorApp1.csproj", "{54A64EDF-6C9A-4C65-8802-CF9C66D8783E}"
EndProject
Global
	GlobalSection(SolutionConfigurationPlatforms) = preSolution
		Debug|Any CPU = Debug|Any CPU
		Release|Any CPU = Release|Any CPU
	EndGlobalSection
	GlobalSection(ProjectConfigurationPlatforms) = postSolution
		{54A64EDF-6C9A-4C65-8802-CF9C66D8783E}.Debug|Any CPU.ActiveCfg = Debug|Any CPU
		{54A64EDF-6C9A-4C65-8802-CF9C66D8783E}.Debug|Any CPU.Build.0 = Debug|Any CPU
		{54A64EDF-6C9A-4C65-8802-CF9C66D8783E}.Release|Any CPU.ActiveCfg = Release|Any CPU
		{54A64EDF-6C9A-4C65-8802-CF9C66D8783E}.Release|Any CPU.Build.0 = Release|Any CPU
	EndGlobalSection
	GlobalSection(SolutionProperties) = preSolution
		HideSolutionNode = FALSE
	EndGlobalSection
	GlobalSection(ExtensibilityGlobals) = postSolution
		SolutionGuid = {40168138-3AFD-4C78-A906-7B9C28D625B1}
	EndGlobalSection
EndGlobal
